
Microsoft Visual Studio Solution File, Format Version 12.00
# Visual Studio Version 17
VisualStudioVersion = 17.3.32922.545
MinimumVisualStudioVersion = 10.0.40219.1
Project("{FAE04EC0-301F-11D3-BF4B-00C04F79EFBC}") = "ShopProject", "Shop Project\ShopProject.csproj", "{0A4E2B7B-ABEA-40B4-BD46-66398AAB0CD8}"
EndProject
Global
	GlobalSection(SolutionConfigurationPlatforms) = preSolution
		Debug|Any CPU = Debug|Any CPU
		Release|Any CPU = Release|Any CPU
	EndGlobalSection
	GlobalSection(ProjectConfigurationPlatforms) = postSolution
		{0A4E2B7B-ABEA-40B4-BD46-66398AAB0CD8}.Debug|Any CPU.ActiveCfg = Debug|Any CPU
		{0A4E2B7B-ABEA-40B4-BD46-66398AAB0CD8}.Debug|Any CPU.Build.0 = Debug|Any CPU
		{0A4E2B7B-ABEA-40B4-BD46-66398AAB0CD8}.Release|Any CPU.ActiveCfg = Release|Any CPU
		{0A4E2B7B-ABEA-40B4-BD46-66398AAB0CD8}.Release|Any CPU.Build.0 = Release|Any CPU
	EndGlobalSection
	GlobalSection(SolutionProperties) = preSolution
		HideSolutionNode = FALSE
	EndGlobalSection
	GlobalSection(ExtensibilityGlobals) = postSolution
		SolutionGuid = {C0CFA872-F44E-4863-85AC-19796D521E6D}
	EndGlobalSection
EndGlobal
